{
  "lockfileVersion": 1,
  "configVersion": 0,
  "workspaces": {
    "": {
      "name": "naiveclass",
      "dependencies": {
        "@vicons/ionicons5": "^0.12.0",
        "axios": "1.19.0",
        "gsap": "^3.12.5",
        "highlight.js": "^11.11.1",
        "vue": "^3.5.12",
        "vue-request": "^2.0.4",
        "vue-router": "^4.4.5",
      },
      "devDependencies": {
        "@vitejs/plugin-vue": "^6.0.0",
        "naive-ui": "^2.40.1",
        "vfonts": "^0.0.3",
        "vite": "7.3.6",
      },
    },
  },
  "overrides": {
    "lodash": "^4.18.1",
    "lodash-es": "^4.18.1",
    "picomatch": "^4.0.4",
    "postcss": "^8.5.7",
    "rollup": "^4.59.0",
  },
  "packages": {
    "@babel/helper-string-parser": ["@babel/helper-string-parser@7.25.7", "https://registry.npmmirror.com/@babel/helper-string-parser/-/helper-string-parser-7.25.7.tgz", {}, "sha512-CbkjYdsJNHFk8uqpEkpCvRs3YRp9tY6FmFY7wLMSYuGYkrdUi7r2lc4/wqsvlHoMznX3WJ9IP8giGPq68T/Y6g=="],

    "@babel/helper-validator-identifier": ["@babel/helper-validator-identifier@7.25.7", "https://registry.npmmirror.com/@babel/helper-validator-identifier/-/helper-validator-identifier-7.25.7.tgz", {}, "sha512-AM6TzwYqGChO45oiuPqwL2t20/HdMC1rTPAesnBCgPCSF1x3oN9MVUwQV2iyz4xqWrctwK5RNC8LV22kaQCNYg=="],

    "@babel/parser": ["@babel/parser@7.25.8", "https://registry.npmmirror.com/@babel/parser/-/parser-7.25.8.tgz", { "dependencies": { "@babel/types": "^7.25.8" }, "bin": { "parser": "bin/babel-parser.js" } }, "sha512-HcttkxzdPucv3nNFmfOOMfFf64KgdJVqm1KaCm25dPGMLElo9nsLvXeJECQg8UzPuBGLyTSA0ZzqCtDSzKTEoQ=="],

    "@babel/types": ["@babel/types@7.25.8", "https://registry.npmmirror.com/@babel/types/-/types-7.25.8.tgz", { "dependencies": { "@babel/helper-string-parser": "^7.25.7", "@babel/helper-validator-identifier": "^7.25.7", "to-fast-properties": "^2.0.0" } }, "sha512-JWtuCu8VQsMladxVz/P4HzHUGCAwpuqacmowgXFs5XjxIgKuNjnLokQzuVjlTvIzODaDmpjT3oxcC48vyk9EWg=="],

    "@css-render/plugin-bem": ["@css-render/plugin-bem@0.15.14", "https://registry.npmmirror.com/@css-render/plugin-bem/-/plugin-bem-0.15.14.tgz", { "peerDependencies": { "css-render": "~0.15.14" } }, "sha512-QK513CJ7yEQxm/P3EwsI+d+ha8kSOcjGvD6SevM41neEMxdULE+18iuQK6tEChAWMOQNQPLG/Rw3Khb69r5neg=="],

    "@css-render/vue3-ssr": ["@css-render/vue3-ssr@0.15.14", "https://registry.npmmirror.com/@css-render/vue3-ssr/-/vue3-ssr-0.15.14.tgz", { "peerDependencies": { "vue": "^3.0.11" } }, "sha512-//8027GSbxE9n3QlD73xFY6z4ZbHbvrOVB7AO6hsmrEzGbg+h2A09HboUyDgu+xsmj7JnvJD39Irt+2D0+iV8g=="],

    "@emotion/hash": ["@emotion/hash@0.8.0", "https://registry.npmmirror.com/@emotion/hash/-/hash-0.8.0.tgz", {}, "sha512-kBJtf7PH6aWwZ6fka3zQ0p6SBYzx4fl1LoZXE2RrnYST9Xljm7WfKJrU4g/Xr3Beg72MLrp1AWNUmuYJTL7Cow=="],

    "@esbuild/aix-ppc64": ["@esbuild/aix-ppc64@0.28.1", "", { "os": "aix", "cpu": "ppc64" }, "sha512-Svl7tq8k/08+p6CXPpRjQ1fKX+1odH/BQbb48fV6fj3CWHhsoIOoY87w1oHXm0qEpkIK3ZfVgp0hed3XBXzXMQ=="],

    "@esbuild/android-arm": ["@esbuild/android-arm@0.28.1", "", { "os": "android", "cpu": "arm" }, "sha512-0k2F129Xdio1TdJfzJ8sy1Q47vUD2NnwdhiAf7drUN1EBTfPf4hsFCtmMgu/6m8JSzsBrlmVjudMBQqOfG8usQ=="],

    "@esbuild/android-arm64": ["@esbuild/android-arm64@0.28.1", "", { "os": "android", "cpu": "arm64" }, "sha512-34EGEbCIAgosYz6goLcopX6Mo7NyGv9tfwEM2/7Ce2VcVRk568iSvniGWcUXIy7wEDR1wzolcxcriFVrWYcwBg=="],

    "@esbuild/android-x64": ["@esbuild/android-x64@0.28.1", "", { "os": "android", "cpu": "x64" }, "sha512-dbwY7ltSMDWsRatcRpCnES4F+im88OCUgGZjy52shC7GqHRE/cYlxNbB4Z4UpJswpcc4Qxd2oE/ufM0p61IKng=="],

    "@esbuild/darwin-arm64": ["@esbuild/darwin-arm64@0.28.1", "", { "os": "darwin", "cpu": "arm64" }, "sha512-TZbWkQY7kvTAXbXUT7uVACR5cMHsDiSz9z7ZKAX/RTq/WJEk3QyRr0wZpNhBDX+/0CtdqUIJlOiodQcta6tY3Q=="],

    "@esbuild/darwin-x64": ["@esbuild/darwin-x64@0.28.1", "", { "os": "darwin", "cpu": "x64" }, "sha512-zfdzgK9ACBNZLI/CyHTOx81SyNbM6YXn7rxSgX97VjyiPl9W1i4Ka4fgKECEoFCKGpvBj5qArWIGgQjOwkgskQ=="],

    "@esbuild/freebsd-arm64": ["@esbuild/freebsd-arm64@0.28.1", "", { "os": "freebsd", "cpu": "arm64" }, "sha512-wG2EA8ENdEI0qhkSZMjfqrdY+ziCYCPMmtZjjIwOmXFjmyzEHn+UUxk5of+SYsjtfs3VpnlC7QLzSI5hY/rOAw=="],

    "@esbuild/freebsd-x64": ["@esbuild/freebsd-x64@0.28.1", "", { "os": "freebsd", "cpu": "x64" }, "sha512-i7dZ9vQgnvSCzi/rYCXNgtF/U+eKZNJBzu3eTQbRgHnM7tNSizLOkRFAl3qzVc/Op/u5YkHHa4pf/3DOYHthLQ=="],

    "@esbuild/linux-arm": ["@esbuild/linux-arm@0.28.1", "", { "os": "linux", "cpu": "arm" }, "sha512-qVXBOHQS+d5Y722GwJzJUtOLlX7km3CraOaGormF1pDtPd2C/l1SHRPgjLunLGe51Sh5YYWKMFDyV4SxgMQYTQ=="],

    "@esbuild/linux-arm64": ["@esbuild/linux-arm64@0.28.1", "", { "os": "linux", "cpu": "arm64" }, "sha512-yHs+0uc8+nvEAfAfxrWQKK5peSNzBc4PegcMO0EJ2hT71uA7vB8Ihg2e77R2P7SG5uYjPbHlLLmve4LLLRCf0g=="],

    "@esbuild/linux-ia32": ["@esbuild/linux-ia32@0.28.1", "", { "os": "linux", "cpu": "ia32" }, "sha512-d1z4ZuP0ajrfz/FhGT4vv278rX8KnPPJx8i5+AtK7TYbx9Le9F1hyzurZpkEyjkGa9dUGhQow4C1NmeGvqxN2w=="],

    "@esbuild/linux-loong64": ["@esbuild/linux-loong64@0.28.1", "", { "os": "linux", "cpu": "none" }, "sha512-M5sRjUVZrkm1OAPR3dlOYzNmN+loZKGVi1VUQGrwuqLcbR6qeAz+famMhjASeH3YVKvZz+zT1jlh/keC3Rj/lg=="],

    "@esbuild/linux-mips64el": ["@esbuild/linux-mips64el@0.28.1", "", { "os": "linux", "cpu": "none" }, "sha512-mRObBZeHh2OxcBFPWE/FjylkRgZdYuiTR3vaTozquCGOH14iP9oN4x4Ge81CoIDYQrXmIxpFumJBu5MtZpnQJQ=="],

    "@esbuild/linux-ppc64": ["@esbuild/linux-ppc64@0.28.1", "", { "os": "linux", "cpu": "ppc64" }, "sha512-slScBsMAb3GFDcdrCgLwZtPYRoH2H/youv10QiZyRjmsP48fznoveWytSgCI/R0ZcUgpc0ZhIUEx6LHts8yrfQ=="],

    "@esbuild/linux-riscv64": ["@esbuild/linux-riscv64@0.28.1", "", { "os": "linux", "cpu": "none" }, "sha512-kw0owk1o0GFETUJyW0jc0G4Yzs0BHZn0JDZ8JRT088vjJYX777BAs1fDGxAC+q831qOs2DTC96mNsG2opdfyyQ=="],

    "@esbuild/linux-s390x": ["@esbuild/linux-s390x@0.28.1", "", { "os": "linux", "cpu": "s390x" }, "sha512-/lAIjX8aYFRByhh6L5rYtPEDRqa9de/4V/juOXcta5frjvzXO4/sqEtyytse0g3zZFuWu5cDN0MkLz2qRDD2Ag=="],

    "@esbuild/linux-x64": ["@esbuild/linux-x64@0.28.1", "", { "os": "linux", "cpu": "x64" }, "sha512-u/anNYF2mmVOEDwLtnQ1wOr3EZ9sTNGLWrsYGYwHWzGA3Si84IOkHXlbWTD1NB+9/1lcnweYKO54uhxZydNzfA=="],

    "@esbuild/netbsd-arm64": ["@esbuild/netbsd-arm64@0.28.1", "", { "os": "none", "cpu": "arm64" }, "sha512-oks0DYbLwWMmaakTsCb+zL4E+aHRVLom9IJZOAthMQEPiQmydXHkziYEsGYRx0uNV/IjEKGAV941JzH02pflqw=="],

    "@esbuild/netbsd-x64": ["@esbuild/netbsd-x64@0.28.1", "", { "os": "none", "cpu": "x64" }, "sha512-aeL6lAnN89Hz43Mlh1G8ARasbuoYvSITDEx0tHh5b7jJnHcssqgjy9Yx430GDpmCa6OyrKoS0aNRjKundRizGg=="],

    "@esbuild/openbsd-arm64": ["@esbuild/openbsd-arm64@0.28.1", "", { "os": "openbsd", "cpu": "arm64" }, "sha512-MEFJe5C3R8pwXdZ5Y21oo6m7ePiS0d9pWucn99O/wvyJZChoIQKrQDxKrGeW8F5+T0okTHesAmDeiHDTIq0V/Q=="],

    "@esbuild/openbsd-x64": ["@esbuild/openbsd-x64@0.28.1", "", { "os": "openbsd", "cpu": "x64" }, "sha512-i/ZLIOafE0Z8cI/XANJAixoJL/uRAoS2xOA3rb0xN+KK0K177cMAsQYkzHtBrtMXAKuAc7HGgcWiZ/sRC1Nxgw=="],

    "@esbuild/openharmony-arm64": ["@esbuild/openharmony-arm64@0.28.1", "", { "os": "none", "cpu": "arm64" }, "sha512-ge+Z7EXFNt2BO1oAMsVpiQ8EwndV9i1xXerAeTIK7AtPs3bKFXQM7nlRxDSIUIMeueR1CNXxqztLzdNeReKBJg=="],

    "@esbuild/sunos-x64": ["@esbuild/sunos-x64@0.28.1", "", { "os": "sunos", "cpu": "x64" }, "sha512-BEjgtECkL3vY+SaSQ6nzVfiALUeFxpawyp8Jmf5PtYhf1Ug40N1h/hxlhts+f1FvSvarEigdxS3BlSMI2PJLcQ=="],

    "@esbuild/win32-arm64": ["@esbuild/win32-arm64@0.28.1", "", { "os": "win32", "cpu": "arm64" }, "sha512-lCv9eK/H6ZJWbE7bh2nw54CZ9M2nupBxJcTsdk/QQnWkdSjKGuxmmH8/GWrlT1eMmZfn4dGcCjRte397WqfQXA=="],

    "@esbuild/win32-ia32": ["@esbuild/win32-ia32@0.28.1", "", { "os": "win32", "cpu": "ia32" }, "sha512-zvb/mB2bSCoJOpoCBgYKKpX6YM6mJBlBUVUtVj41DlZJVEB6/0CKlRYxP5wWl1C1ILiCoAU5wZZ4q1P3qeS6Eg=="],

    "@esbuild/win32-x64": ["@esbuild/win32-x64@0.28.1", "", { "os": "win32", "cpu": "x64" }, "sha512-bm4Mowrv+GXMlpWX++EcXw/iLyd1o3+bJkC2DkWXYVvgZCqD/bSj9ctZeAMC3cIxgjRVR2Dufaiu4YPxr5gW1A=="],

    "@jridgewell/sourcemap-codec": ["@jridgewell/sourcemap-codec@1.5.0", "https://registry.npmmirror.com/@jridgewell/sourcemap-codec/-/sourcemap-codec-1.5.0.tgz", {}, "sha512-gv3ZRaISU3fjPAgNsriBRqGWQL6quFx04YMPW/zD8XMLsU32mhCCbfbO6KZFLjvYpCZ8zyDEgqsgf+PwPaM7GQ=="],

    "@juggle/resize-observer": ["@juggle/resize-observer@3.4.0", "https://registry.npmmirror.com/@juggle/resize-observer/-/resize-observer-3.4.0.tgz", {}, "sha512-dfLbk+PwWvFzSxwk3n5ySL0hfBog779o8h68wK/7/APo/7cgyWp5jcXockbxdk5kFRkbeXWm4Fbi9FrdN381sA=="],

    "@rolldown/pluginutils": ["@rolldown/pluginutils@1.0.0-beta.29", "", {}, "sha512-NIJgOsMjbxAXvoGq/X0gD7VPMQ8j9g0BiDaNjVNVjvl+iKXxL3Jre0v31RmBYeLEmkbj2s02v8vFTbUXi5XS2Q=="],

    "@rollup/rollup-android-arm-eabi": ["@rollup/rollup-android-arm-eabi@4.62.3", "", { "os": "android", "cpu": "arm" }, "sha512-c0wdcekXtQvvn5Tsrk/+op/gUArrbWaFduBnTLP2l1cKLSQs4diMWjJw3m6A0DdzT8dAAX95KpkJ3qynCePbmw=="],

    "@rollup/rollup-android-arm64": ["@rollup/rollup-android-arm64@4.62.3", "", { "os": "android", "cpu": "arm64" }, "sha512-3YjElDdWN+qXAFbJ/CzPV+0wspLqh54k/I6GfdYtEJRqg7buSgc1yPM3B+93j1M4neobtkATHZTmxK2AMVGfnA=="],

    "@rollup/rollup-darwin-arm64": ["@rollup/rollup-darwin-arm64@4.62.3", "", { "os": "darwin", "cpu": "arm64" }, "sha512-Pch2pFNOxxz1hTjypIdPyRTR6riiwRl84+VcN9djS680fw+Co1nAJINrdpqp7KV0NvyuU8ilZXZCjd7ykJl1GQ=="],

    "@rollup/rollup-darwin-x64": ["@rollup/rollup-darwin-x64@4.62.3", "", { "os": "darwin", "cpu": "x64" }, "sha512-LEuncFUHFiF8t4yZVZvvZA1wk0pjAscRnsrn1EfTEmN4HXotBi2YtcnLRyaK6UbuczW7xZS5ES+81Rdz8Z0T6g=="],

    "@rollup/rollup-freebsd-arm64": ["@rollup/rollup-freebsd-arm64@4.62.3", "", { "os": "freebsd", "cpu": "arm64" }, "sha512-zvBUvsQUpOWALdDsk6qbS8bXf2VxmPisuudNDrY7x0p0jBdsoZl8HsHczIOgkQiZldmcacMKtBzpoGVNeIe2bQ=="],

    "@rollup/rollup-freebsd-x64": ["@rollup/rollup-freebsd-x64@4.62.3", "", { "os": "freebsd", "cpu": "x64" }, "sha512-C2KmNrcSem/AMg984H/dev+si0lieQGdXdR/lYGJnuumXnFb9Y7QdiI62obFdLlxRYLBv4P0eUVIDbD4c1vVvw=="],

    "@rollup/rollup-linux-arm-gnueabihf": ["@rollup/rollup-linux-arm-gnueabihf@4.62.3", "", { "os": "linux", "cpu": "arm" }, "sha512-ggXnsTAEzNQx74XpunRsiZ9aBZDsI7XIa0hm2nzR9f4WzH5/f/d73ZSDaC5ejJ8YLY4NW+V3wr0tjOaeCq8hqA=="],

    "@rollup/rollup-linux-arm-musleabihf": ["@rollup/rollup-linux-arm-musleabihf@4.62.3", "", { "os": "linux", "cpu": "arm" }, "sha512-2vng+FlzNUhKZxtej3IUqJgbZoQk2M/dwQM20+ULV0R/E/8tr9/P6uEf2iiGIk4HL0zMKh5Jry7mUHdUOvyGgA=="],

    "@rollup/rollup-linux-arm64-gnu": ["@rollup/rollup-linux-arm64-gnu@4.62.3", "", { "os": "linux", "cpu": "arm64" }, "sha512-LLLFZKt4/Nraf9rxDkhiU8QVgLF4WmCkfr0L4fj0fPfIZFBib0DeiFk1hhaYKd03LFAFJcxHslhDFlNJLylf5Q=="],

    "@rollup/rollup-linux-arm64-musl": ["@rollup/rollup-linux-arm64-musl@4.62.3", "", { "os": "linux", "cpu": "arm64" }, "sha512-WJkdQCvS9sWNOUBJZfQRKpZGFBztRzcowI+nndmflKgU4XY+3a420FgTOSKTsVqJbnzSxeT4vaJalpOaPo2YCQ=="],

    "@rollup/rollup-linux-loong64-gnu": ["@rollup/rollup-linux-loong64-gnu@4.62.3", "", { "os": "linux", "cpu": "none" }, "sha512-PwHXCCS2n64/1Ot6rP1YEYA02MGYBcQlr8CSZZyrUG2O7NH6NklYmvr9v3Jy+5e/eDeNchc/ukmKJi9LuflMIQ=="],

    "@rollup/rollup-linux-loong64-musl": ["@rollup/rollup-linux-loong64-musl@4.62.3", "", { "os": "linux", "cpu": "none" }, "sha512-vUjxINQu3RC8NZS3ykk1gN65gIz8pAopOq2HXuZhiIxHdx7TFvDG+jgrdSgInu1Eza4/Rfi2VzZgyIgEH4WOaw=="],

    "@rollup/rollup-linux-ppc64-gnu": ["@rollup/rollup-linux-ppc64-gnu@4.62.3", "", { "os": "linux", "cpu": "ppc64" }, "sha512-wzko4aJ13+0G3kGnviCg5gnXFKd40izKsrf2uOw12US4XqprkDrmwOpeW14aSNa37V8bfPcz5Fkob6LZ3BAPmA=="],

    "@rollup/rollup-linux-ppc64-musl": ["@rollup/rollup-linux-ppc64-musl@4.62.3", "", { "os": "linux", "cpu": "ppc64" }, "sha512-8120ue0JUMSwy11stlwnfdX3pPd+WZYGCDBwEHWtIHi6pOpZmsEF5QKB7a/UN+XFdqvobxz98kv8RTqikyCEBw=="],

    "@rollup/rollup-linux-riscv64-gnu": ["@rollup/rollup-linux-riscv64-gnu@4.62.3", "", { "os": "linux", "cpu": "none" }, "sha512-XLFHnR3tXMjbOCh2vtVJHmxt+995uJsTERQyseFDRA0xxMxyTZPLa3OIUlyFaO4mF/Lu0FjmWHCuPXJT1n/IOg=="],

    "@rollup/rollup-linux-riscv64-musl": ["@rollup/rollup-linux-riscv64-musl@4.62.3", "", { "os": "linux", "cpu": "none" }, "sha512-se6yXvNGMIl0f+RQzyh7XAmia8/9kplQx424wnG2w0C1oi6XgO6Y8otKhdXFHbHs88Ihavzmvh1NWjuovE76BQ=="],

    "@rollup/rollup-linux-s390x-gnu": ["@rollup/rollup-linux-s390x-gnu@4.62.3", "", { "os": "linux", "cpu": "s390x" }, "sha512-gNoxRefktVIiGflpONuxWWXZAzIQG++z9qHO3xKwk4WdDMuQja3JHGfE1u0i3PfPDyvhypdk+WrgIJqLhGG7sg=="],

    "@rollup/rollup-linux-x64-gnu": ["@rollup/rollup-linux-x64-gnu@4.62.3", "", { "os": "linux", "cpu": "x64" }, "sha512-V4KtWtQfAFMU7+9/A/VDps/VI8CHd3cYz0L8sgJzz8qK7eY7wI4ruFD82UYIYvW9Z4DtlTfhQcsl4XyPHW5uSg=="],

    "@rollup/rollup-linux-x64-musl": ["@rollup/rollup-linux-x64-musl@4.62.3", "", { "os": "linux", "cpu": "x64" }, "sha512-LBx9LYXvj2CBkMkjLdNAWLwH0MLMin7do2VcVo9kVPibGLkY0BQQut2fv7NVqkXqZ/CrAu9LqDHVV1xHCMpCPw=="],

    "@rollup/rollup-openbsd-x64": ["@rollup/rollup-openbsd-x64@4.62.3", "", { "os": "openbsd", "cpu": "x64" }, "sha512-ABVf3Q0RCu7NcyCCOZQI0pJ3GuSdfSl8EXcy88QtdceIMIoCUdfhsJChZ64L9zVM2aJHjde1Bhn5uqSRcX9ySA=="],

    "@rollup/rollup-openharmony-arm64": ["@rollup/rollup-openharmony-arm64@4.62.3", "", { "os": "none", "cpu": "arm64" }, "sha512-+2Cy/ldweGBLlPIKsQLF8U5N44a0KDdbrk1rAjHOM9M2K+kGdIVjHLmmrZIcx+9Ny3ke/1JomCsDI1ocb11+sg=="],

    "@rollup/rollup-win32-arm64-msvc": ["@rollup/rollup-win32-arm64-msvc@4.62.3", "", { "os": "win32", "cpu": "arm64" }, "sha512-dtZvzc8BedpSaFNy75x6uiWwAGTH+aZHDtdrqP6qk+WcLJrfti6sGje1ZJ9UxyzDLF23d/mV+PaMwuC0hL7UVA=="],

    "@rollup/rollup-win32-ia32-msvc": ["@rollup/rollup-win32-ia32-msvc@4.62.3", "", { "os": "win32", "cpu": "ia32" }, "sha512-Rj8Ra4noo+aYy7sKBggCx0407mws34kAb1ySyWuq5DAtFBQdkSwnsjCgPrhPe9cvgBKZIukpE+CVHvORCS93kQ=="],

    "@rollup/rollup-win32-x64-gnu": ["@rollup/rollup-win32-x64-gnu@4.62.3", "", { "os": "win32", "cpu": "x64" }, "sha512-vp7N084ew/odXn2gi/mzm9mUkQu9l6AiN6dt4IeUM2Uvm9o+cVmP+YkqbMOteLbiGgqBBlJZjIMYVCfOOIVbVQ=="],

    "@rollup/rollup-win32-x64-msvc": ["@rollup/rollup-win32-x64-msvc@4.62.3", "", { "os": "win32", "cpu": "x64" }, "sha512-MOG/3gTOn4Fwf574RVOaY61I5o6P90legkFADiTyn1hyjNydT+cerU2rLUwPdZkKKyJ+iT+K9p7WXK4LM1Ka6g=="],

    "@types/estree": ["@types/estree@1.0.9", "", {}, "sha512-GhdPgy1el4/ImP05X05Uw4cw2/M93BCUmnEvWZNStlCzEKME4Fkk+YpoA5OiHNQmoS7Cafb8Xa3Pya8m1Qrzeg=="],

    "@types/katex": ["@types/katex@0.16.7", "https://registry.npmmirror.com/@types/katex/-/katex-0.16.7.tgz", {}, "sha512-HMwFiRujE5PjrgwHQ25+bsLJgowjGjm5Z8FVSf0N6PwgJrwxH0QxzHYDcKsTfV3wva0vzrpqMTJS2jXPr5BMEQ=="],

    "@types/lodash": ["@types/lodash@4.17.12", "https://registry.npmmirror.com/@types/lodash/-/lodash-4.17.12.tgz", {}, "sha512-sviUmCE8AYdaF/KIHLDJBQgeYzPBI0vf/17NaYehBJfYD1j6/L95Slh07NlyK2iNyBNaEkb3En2jRt+a8y3xZQ=="],

    "@types/lodash-es": ["@types/lodash-es@4.17.12", "https://registry.npmmirror.com/@types/lodash-es/-/lodash-es-4.17.12.tgz", { "dependencies": { "@types/lodash": "*" } }, "sha512-0NgftHUcV4v34VhXm8QBSftKVXtbkBG3ViCjs6+eJ5a6y6Mi/jiFGPc1sC7QK+9BFhWrURE3EOggmWaSxL9OzQ=="],

    "@vicons/ionicons5": ["@vicons/ionicons5@0.12.0", "https://registry.npmmirror.com/@vicons/ionicons5/-/ionicons5-0.12.0.tgz", {}, "sha512-Iy1EUVRpX0WWxeu1VIReR1zsZLMc4fqpt223czR+Rpnrwu7pt46nbnC2ycO7ItI/uqDLJxnbcMC7FujKs9IfFA=="],

    "@vitejs/plugin-vue": ["@vitejs/plugin-vue@6.0.1", "", { "dependencies": { "@rolldown/pluginutils": "1.0.0-beta.29" }, "peerDependencies": { "vite": "^5.0.0 || ^6.0.0 || ^7.0.0", "vue": "^3.2.25" } }, "sha512-+MaE752hU0wfPFJEUAIxqw18+20euHHdxVtMvbFcOEpjEyfqXH/5DCoTHiVJ0J29EhTJdoTkjEv5YBKU9dnoTw=="],

    "@vue/compiler-core": ["@vue/compiler-core@3.5.12", "https://registry.npmmirror.com/@vue/compiler-core/-/compiler-core-3.5.12.tgz", { "dependencies": { "@babel/parser": "^7.25.3", "@vue/shared": "3.5.12", "entities": "^4.5.0", "estree-walker": "^2.0.2", "source-map-js": "^1.2.0" } }, "sha512-ISyBTRMmMYagUxhcpyEH0hpXRd/KqDU4ymofPgl2XAkY9ZhQ+h0ovEZJIiPop13UmR/54oA2cgMDjgroRelaEw=="],

    "@vue/compiler-dom": ["@vue/compiler-dom@3.5.12", "https://registry.npmmirror.com/@vue/compiler-dom/-/compiler-dom-3.5.12.tgz", { "dependencies": { "@vue/compiler-core": "3.5.12", "@vue/shared": "3.5.12" } }, "sha512-9G6PbJ03uwxLHKQ3P42cMTi85lDRvGLB2rSGOiQqtXELat6uI4n8cNz9yjfVHRPIu+MsK6TE418Giruvgptckg=="],

    "@vue/compiler-sfc": ["@vue/compiler-sfc@3.5.12", "https://registry.npmmirror.com/@vue/compiler-sfc/-/compiler-sfc-3.5.12.tgz", { "dependencies": { "@babel/parser": "^7.25.3", "@vue/compiler-core": "3.5.12", "@vue/compiler-dom": "3.5.12", "@vue/compiler-ssr": "3.5.12", "@vue/shared": "3.5.12", "estree-walker": "^2.0.2", "magic-string": "^0.30.11", "postcss": "^8.4.47", "source-map-js": "^1.2.0" } }, "sha512-2k973OGo2JuAa5+ZlekuQJtitI5CgLMOwgl94BzMCsKZCX/xiqzJYzapl4opFogKHqwJk34vfsaKpfEhd1k5nw=="],

    "@vue/compiler-ssr": ["@vue/compiler-ssr@3.5.12", "https://registry.npmmirror.com/@vue/compiler-ssr/-/compiler-ssr-3.5.12.tgz", { "dependencies": { "@vue/compiler-dom": "3.5.12", "@vue/shared": "3.5.12" } }, "sha512-eLwc7v6bfGBSM7wZOGPmRavSWzNFF6+PdRhE+VFJhNCgHiF8AM7ccoqcv5kBXA2eWUfigD7byekvf/JsOfKvPA=="],

    "@vue/devtools-api": ["@vue/devtools-api@6.6.4", "https://registry.npmmirror.com/@vue/devtools-api/-/devtools-api-6.6.4.tgz", {}, "sha512-sGhTPMuXqZ1rVOk32RylztWkfXTRhuS7vgAKv0zjqk8gbsHkJ7xfFf+jbySxt7tWObEJwyKaHMikV/WGDiQm8g=="],

    "@vue/reactivity": ["@vue/reactivity@3.5.12", "https://registry.npmmirror.com/@vue/reactivity/-/reactivity-3.5.12.tgz", { "dependencies": { "@vue/shared": "3.5.12" } }, "sha512-UzaN3Da7xnJXdz4Okb/BGbAaomRHc3RdoWqTzlvd9+WBR5m3J39J1fGcHes7U3za0ruYn/iYy/a1euhMEHvTAg=="],

    "@vue/runtime-core": ["@vue/runtime-core@3.5.12", "https://registry.npmmirror.com/@vue/runtime-core/-/runtime-core-3.5.12.tgz", { "dependencies": { "@vue/reactivity": "3.5.12", "@vue/shared": "3.5.12" } }, "sha512-hrMUYV6tpocr3TL3Ad8DqxOdpDe4zuQY4HPY3X/VRh+L2myQO8MFXPAMarIOSGNu0bFAjh1yBkMPXZBqCk62Uw=="],

    "@vue/runtime-dom": ["@vue/runtime-dom@3.5.12", "https://registry.npmmirror.com/@vue/runtime-dom/-/runtime-dom-3.5.12.tgz", { "dependencies": { "@vue/reactivity": "3.5.12", "@vue/runtime-core": "3.5.12", "@vue/shared": "3.5.12", "csstype": "^3.1.3" } }, "sha512-q8VFxR9A2MRfBr6/55Q3umyoN7ya836FzRXajPB6/Vvuv0zOPL+qltd9rIMzG/DbRLAIlREmnLsplEF/kotXKA=="],

    "@vue/server-renderer": ["@vue/server-renderer@3.5.12", "https://registry.npmmirror.com/@vue/server-renderer/-/server-renderer-3.5.12.tgz", { "dependencies": { "@vue/compiler-ssr": "3.5.12", "@vue/shared": "3.5.12" }, "peerDependencies": { "vue": "3.5.12" } }, "sha512-I3QoeDDeEPZm8yR28JtY+rk880Oqmj43hreIBVTicisFTx/Dl7JpG72g/X7YF8hnQD3IFhkky5i2bPonwrTVPg=="],

    "@vue/shared": ["@vue/shared@3.5.12", "https://registry.npmmirror.com/@vue/shared/-/shared-3.5.12.tgz", {}, "sha512-L2RPSAwUFbgZH20etwrXyVyCBu9OxRSi8T/38QsvnkJyvq2LufW2lDCOzm7t/U9C1mkhJGWYfCuFBCmIuNivrg=="],

    "agent-base": ["agent-base@6.0.2", "", { "dependencies": { "debug": "4" } }, "sha512-RZNwNclF7+MS/8bDg70amg32dyeZGZxiDuQmZxKLAlQjr3jGyLx+4Kkk58UO7D2QdgFIQCovuSuZESne6RG6XQ=="],

    "async-validator": ["async-validator@4.2.5", "https://registry.npmmirror.com/async-validator/-/async-validator-4.2.5.tgz", {}, "sha512-7HhHjtERjqlNbZtqNqy2rckN/SpOOlmDliet+lP7k+eKZEjPk3DgyeU9lIXLdeLz0uBbbVp+9Qdow9wJWgwwfg=="],

    "asynckit": ["asynckit@0.4.0", "", {}, "sha512-Oei9OH4tRh0YqU3GxhX79dM/mwVgvbZJaSNaRk+bshkj0S5cfHcgYakreBjrHwatXKbz+IoIdYLxrKim2MjW0Q=="],

    "axios": ["axios@1.19.0", "", { "dependencies": { "follow-redirects": "^1.16.0", "form-data": "^4.0.6", "https-proxy-agent": "^5.0.1", "proxy-from-env": "^2.1.0" } }, "sha512-ht/iuYZXEjFxLH/Hkezgd7m6JKlHHXEUSneaDz8uZe1Gj5QZtCnpyDsckvAiEnT89OEbCLmnte4R4sn7P0EKFw=="],

    "call-bind-apply-helpers": ["call-bind-apply-helpers@1.0.2", "", { "dependencies": { "es-errors": "^1.3.0", "function-bind": "^1.1.2" } }, "sha512-Sp1ablJ0ivDkSzjcaJdxEunN5/XvksFJ2sMBFfq6x0ryhQV/2b/KwFe21cMpmHtPOSij8K99/wSfoEuTObmuMQ=="],

    "combined-stream": ["combined-stream@1.0.8", "", { "dependencies": { "delayed-stream": "~1.0.0" } }, "sha512-FQN4MRfuJeHf7cBbBMJFXhKSDq+2kAArBlmRBvcvFE5BB1HZKXtSFASDhdlz9zOYwxh8lDdnvmMOe/+5cdoEdg=="],

    "css-render": ["css-render@0.15.14", "https://registry.npmmirror.com/css-render/-/css-render-0.15.14.tgz", { "dependencies": { "@emotion/hash": "~0.8.0", "csstype": "~3.0.5" } }, "sha512-9nF4PdUle+5ta4W5SyZdLCCmFd37uVimSjg1evcTqKJCyvCEEj12WKzOSBNak6r4im4J4iYXKH1OWpUV5LBYFg=="],

    "csstype": ["csstype@3.1.3", "https://registry.npmmirror.com/csstype/-/csstype-3.1.3.tgz", {}, "sha512-M1uQkMl8rQK/szD0LNhtqxIPLpimGm8sOBwU7lLnCpSbTyY3yeU1Vc7l4KT5zT4s/yOxHH5O7tIuuLOCnLADRw=="],

    "date-fns": ["date-fns@3.6.0", "https://registry.npmmirror.com/date-fns/-/date-fns-3.6.0.tgz", {}, "sha512-fRHTG8g/Gif+kSh50gaGEdToemgfj74aRX3swtiouboip5JDLAyDE9F11nHMIcvOaXeOC6D7SpNhi7uFyB7Uww=="],

    "date-fns-tz": ["date-fns-tz@3.2.0", "https://registry.npmmirror.com/date-fns-tz/-/date-fns-tz-3.2.0.tgz", { "peerDependencies": { "date-fns": "^3.0.0 || ^4.0.0" } }, "sha512-sg8HqoTEulcbbbVXeg84u5UnlsQa8GS5QXMqjjYIhS4abEVVKIUwe0/l/UhrZdKaL/W5eWZNlbTeEIiOXTcsBQ=="],

    "debug": ["debug@4.4.3", "", { "dependencies": { "ms": "^2.1.3" }, "peerDependencies": { "supports-color": "*" }, "optionalPeers": ["supports-color"] }, "sha512-RGwwWnwQvkVfavKVt22FGLw+xYSdzARwm0ru6DhTVA3umU5hZc28V3kO4stgYryrTlLpuvgI9GiijltAjNbcqA=="],

    "delayed-stream": ["delayed-stream@1.0.0", "", {}, "sha512-ZySD7Nf91aLB0RxL4KGrKHBXl7Eds1DAmEdcoVawXnLD7SDhpNgtuII2aAkg7a7QS41jxPSZ17p4VdGnMHk3MQ=="],

    "dunder-proto": ["dunder-proto@1.0.1", "", { "dependencies": { "call-bind-apply-helpers": "^1.0.1", "es-errors": "^1.3.0", "gopd": "^1.2.0" } }, "sha512-KIN/nDJBQRcXw0MLVhZE9iQHmG68qAVIBg9CqmUYjmQIhgij9U5MFvrqkUL5FbtyyzZuOeOt0zdeRe4UY7ct+A=="],

    "entities": ["entities@4.5.0", "https://registry.npmmirror.com/entities/-/entities-4.5.0.tgz", {}, "sha512-V0hjH4dGPh9Ao5p0MoRY6BVqtwCjhz6vI5LT8AJ55H+4g9/4vbHx1I54fS0XuclLhDHArPQCiMjDxjaL8fPxhw=="],

    "es-define-property": ["es-define-property@1.0.1", "", {}, "sha512-e3nRfgfUZ4rNGL232gUgX06QNyyez04KdjFrF+LTRoOXmrOgFKDg4BCdsjW8EnT69eqdYGmRpJwiPVYNrCaW3g=="],

    "es-errors": ["es-errors@1.3.0", "", {}, "sha512-Zf5H2Kxt2xjTvbJvP2ZWLEICxA6j+hAmMzIlypy4xcBg1vKVnx89Wy0GbS+kf5cwCVFFzdCFh2XSCFNULS6csw=="],

    "es-object-atoms": ["es-object-atoms@1.1.1", "", { "dependencies": { "es-errors": "^1.3.0" } }, "sha512-FGgH2h8zKNim9ljj7dankFPcICIK9Cp5bm+c2gQSYePhpaG5+esrLODihIorn+Pe6FGJzWhXQotPv73jTaldXA=="],

    "es-set-tostringtag": ["es-set-tostringtag@2.1.0", "", { "dependencies": { "es-errors": "^1.3.0", "get-intrinsic": "^1.2.6", "has-tostringtag": "^1.0.2", "hasown": "^2.0.2" } }, "sha512-j6vWzfrGVfyXxge+O0x5sh6cvxAog0a/4Rdd2K36zCMV5eJ+/+tOAngRO8cODMNWbVRdVlmGZQL2YS3yR8bIUA=="],

    "esbuild": ["esbuild@0.28.1", "", { "optionalDependencies": { "@esbuild/aix-ppc64": "0.28.1", "@esbuild/android-arm": "0.28.1", "@esbuild/android-arm64": "0.28.1", "@esbuild/android-x64": "0.28.1", "@esbuild/darwin-arm64": "0.28.1", "@esbuild/darwin-x64": "0.28.1", "@esbuild/freebsd-arm64": "0.28.1", "@esbuild/freebsd-x64": "0.28.1", "@esbuild/linux-arm": "0.28.1", "@esbuild/linux-arm64": "0.28.1", "@esbuild/linux-ia32": "0.28.1", "@esbuild/linux-loong64": "0.28.1", "@esbuild/linux-mips64el": "0.28.1", "@esbuild/linux-ppc64": "0.28.1", "@esbuild/linux-riscv64": "0.28.1", "@esbuild/linux-s390x": "0.28.1", "@esbuild/linux-x64": "0.28.1", "@esbuild/netbsd-arm64": "0.28.1", "@esbuild/netbsd-x64": "0.28.1", "@esbuild/openbsd-arm64": "0.28.1", "@esbuild/openbsd-x64": "0.28.1", "@esbuild/openharmony-arm64": "0.28.1", "@esbuild/sunos-x64": "0.28.1", "@esbuild/win32-arm64": "0.28.1", "@esbuild/win32-ia32": "0.28.1", "@esbuild/win32-x64": "0.28.1" }, "bin": { "esbuild": "bin/esbuild" } }, "sha512-HrJrvZv5ayxBzPfwphOoNzkzOIIlifzk0KJrGK2c8R4+LKpMtpYLQeUdjnwjWv/LZlkH2laZk+4w78pi99D4Vw=="],

    "estree-walker": ["estree-walker@2.0.2", "https://registry.npmmirror.com/estree-walker/-/estree-walker-2.0.2.tgz", {}, "sha512-Rfkk/Mp/DL7JVje3u18FxFujQlTNR2q6QfMSMB7AvCBx91NGj/ba3kCfza0f6dVDbw7YlRf/nDrn7pQrCCyQ/w=="],

    "evtd": ["evtd@0.2.4", "https://registry.npmmirror.com/evtd/-/evtd-0.2.4.tgz", {}, "sha512-qaeGN5bx63s/AXgQo8gj6fBkxge+OoLddLniox5qtLAEY5HSnuSlISXVPxnSae1dWblvTh4/HoMIB+mbMsvZzw=="],

    "fdir": ["fdir@6.5.0", "", { "peerDependencies": { "picomatch": "^3 || ^4" } }, "sha512-tIbYtZbucOs0BRGqPJkshJUYdL+SDH7dVM8gjy+ERp3WAUjLEFJE+02kanyHtwjWOnwrKYBiwAmM0p4kLJAnXg=="],

    "follow-redirects": ["follow-redirects@1.16.0", "", { "peerDependencies": { "debug": "*" }, "optionalPeers": ["debug"] }, "sha512-y5rN/uOsadFT/JfYwhxRS5R7Qce+g3zG97+JrtFZlC9klX/W5hD7iiLzScI4nZqUS7DNUdhPgw4xI8W2LuXlUw=="],

    "form-data": ["form-data@4.0.6", "", { "dependencies": { "asynckit": "^0.4.0", "combined-stream": "^1.0.8", "es-set-tostringtag": "^2.1.0", "hasown": "^2.0.4", "mime-types": "^2.1.35" } }, "sha512-vKatAh4SlVfgbv+YtmhiRjhEMJsYpsG1Y2rMQtR+SVSbytsSD1YGzDIcrAJmdFec88u/+VoGmxnl+80gL1tRCQ=="],

    "fsevents": ["fsevents@2.3.3", "", { "os": "darwin" }, "sha512-5xoDfX+fL7faATnagmWPpbFtwh/R77WmMMqqHGS65C3vvB0YHrgF+B1YmZ3441tMj5n63k0212XNoJwzlhffQw=="],

    "function-bind": ["function-bind@1.1.2", "", {}, "sha512-7XHNxH7qX9xG5mIwxkhumTox/MIRNcOgDrxWsMt2pAr23WHp6MrRlN7FBSFpCpr+oVO0F744iUgR82nJMfG2SA=="],

    "get-intrinsic": ["get-intrinsic@1.3.0", "", { "dependencies": { "call-bind-apply-helpers": "^1.0.2", "es-define-property": "^1.0.1", "es-errors": "^1.3.0", "es-object-atoms": "^1.1.1", "function-bind": "^1.1.2", "get-proto": "^1.0.1", "gopd": "^1.2.0", "has-symbols": "^1.1.0", "hasown": "^2.0.2", "math-intrinsics": "^1.1.0" } }, "sha512-9fSjSaos/fRIVIp+xSJlE6lfwhES7LNtKaCBIamHsjr2na1BiABJPo0mOjjz8GJDURarmCPGqaiVg5mfjb98CQ=="],

    "get-proto": ["get-proto@1.0.1", "", { "dependencies": { "dunder-proto": "^1.0.1", "es-object-atoms": "^1.0.0" } }, "sha512-sTSfBjoXBp89JvIKIefqw7U2CCebsc74kiY6awiGogKtoSGbgjYE/G/+l9sF3MWFPNc9IcoOC4ODfKHfxFmp0g=="],

    "gopd": ["gopd@1.2.0", "", {}, "sha512-ZUKRh6/kUFoAiTAtTYPZJ3hw9wNxx+BIBOijnlG9PnrJsCcSjs1wyyD6vJpaYtgnzDrKYRSqf3OO6Rfa93xsRg=="],

    "gsap": ["gsap@3.12.5", "https://registry.npmmirror.com/gsap/-/gsap-3.12.5.tgz", {}, "sha512-srBfnk4n+Oe/ZnMIOXt3gT605BX9x5+rh/prT2F1SsNJsU1XuMiP0E2aptW481OnonOGACZWBqseH5Z7csHxhQ=="],

    "has-symbols": ["has-symbols@1.1.0", "", {}, "sha512-1cDNdwJ2Jaohmb3sg4OmKaMBwuC48sYni5HUw2DvsC8LjGTLK9h+eb1X6RyuOHe4hT0ULCW68iomhjUoKUqlPQ=="],

    "has-tostringtag": ["has-tostringtag@1.0.2", "", { "dependencies": { "has-symbols": "^1.0.3" } }, "sha512-NqADB8VjPFLM2V0VvHUewwwsw0ZWBaIdgo+ieHtK3hasLz4qeCRjYcqfB6AQrBggRKppKF8L52/VqdVsO47Dlw=="],

    "hasown": ["hasown@2.0.4", "", { "dependencies": { "function-bind": "^1.1.2" } }, "sha512-T2UbfbBEF32wiepXIsMlTW9+dDYC6wMh/t/vYA4tuOMKqWz/n3vr1NFSxQiyP+zk2mXsoMA/i/7qV6LKut1t1A=="],

    "highlight.js": ["highlight.js@11.11.1", "https://registry.npmmirror.com/highlight.js/-/highlight.js-11.11.1.tgz", {}, "sha512-Xwwo44whKBVCYoliBQwaPvtd/2tYFkRQtXDWj1nackaV2JPXx3L0+Jvd8/qCJ2p+ML0/XVkJ2q+Mr+UVdpJK5w=="],

    "https-proxy-agent": ["https-proxy-agent@5.0.1", "", { "dependencies": { "agent-base": "6", "debug": "4" } }, "sha512-dFcAjpTQFgoLMzC2VwU+C/CbS7uRL0lWmxDITmqm7C+7F0Odmj6s9l6alZc6AELXhrnggM2CeWSXHGOdX2YtwA=="],

    "lodash": ["lodash@4.18.1", "", {}, "sha512-dMInicTPVE8d1e5otfwmmjlxkZoUpiVLwyeTdUsi/Caj/gfzzblBcCE5sRHV/AsjuCmxWrte2TNGSYuCeCq+0Q=="],

    "lodash-es": ["lodash-es@4.18.1", "", {}, "sha512-J8xewKD/Gk22OZbhpOVSwcs60zhd95ESDwezOFuA3/099925PdHJ7OFHNTGtajL3AlZkykD32HykiMo+BIBI8A=="],

    "magic-string": ["magic-string@0.30.12", "https://registry.npmmirror.com/magic-string/-/magic-string-0.30.12.tgz", { "dependencies": { "@jridgewell/sourcemap-codec": "^1.5.0" } }, "sha512-Ea8I3sQMVXr8JhN4z+H/d8zwo+tYDgHE9+5G4Wnrwhs0gaK9fXTKx0Tw5Xwsd/bCPTTZNRAdpyzvoeORe9LYpw=="],

    "math-intrinsics": ["math-intrinsics@1.1.0", "", {}, "sha512-/IXtbwEk5HTPyEwyKX6hGkYXxM9nbj64B+ilVJnC/R6B0pH5G4V3b0pVbL7DBj4tkhBAppbQUlf6F6Xl9LHu1g=="],

    "mime-db": ["mime-db@1.52.0", "", {}, "sha512-sPU4uV7dYlvtWJxwwxHD0PuihVNiE7TyAbQ5SWxDCB9mUYvOgroQOwYQQOKPJ8CIbE+1ETVlOoK1UC2nU3gYvg=="],

    "mime-types": ["mime-types@2.1.35", "", { "dependencies": { "mime-db": "1.52.0" } }, "sha512-ZDY+bPm5zTTF+YpCrAU9nK0UgICYPT0QtT1NZWFv4s++TNkcgVaT0g6+4R2uI4MjQjzysHB1zxuWL50hzaeXiw=="],

    "ms": ["ms@2.1.3", "", {}, "sha512-6FlzubTLZG3J2a/NVCAleEhjzq5oxgHyaCU9yYXvcLsvoVaHJq/s5xXI6/XXP6tz7R9xAOtHnSO/tXtF3WRTlA=="],

    "naive-ui": ["naive-ui@2.40.1", "https://registry.npmmirror.com/naive-ui/-/naive-ui-2.40.1.tgz", { "dependencies": { "@css-render/plugin-bem": "^0.15.14", "@css-render/vue3-ssr": "^0.15.14", "@types/katex": "^0.16.2", "@types/lodash": "^4.14.198", "@types/lodash-es": "^4.17.9", "async-validator": "^4.2.5", "css-render": "^0.15.14", "csstype": "^3.1.3", "date-fns": "^3.6.0", "date-fns-tz": "^3.1.3", "evtd": "^0.2.4", "highlight.js": "^11.8.0", "lodash": "^4.17.21", "lodash-es": "^4.17.21", "seemly": "^0.3.8", "treemate": "^0.3.11", "vdirs": "^0.1.8", "vooks": "^0.2.12", "vueuc": "^0.4.63" }, "peerDependencies": { "vue": "^3.0.0" } }, "sha512-3NkL+vLRQZKQxCHXa+7xiD6oM74OrQELaehDkGYRYpr6kjT+JJB+Z7h+5LC70gn8VkbgCAETv0+uRWF+6MLlgQ=="],

    "nanoid": ["nanoid@3.3.16", "", { "bin": { "nanoid": "bin/nanoid.cjs" } }, "sha512-bzlKTyNJ7+LdGIIwy8ijFpIqEQIvafahV7eYykJ8Cvh42EdJeODoJ6gUJXpQJvej1BddH8OqTXZNE/KfbWAu8Q=="],

    "picocolors": ["picocolors@1.1.1", "https://registry.npmmirror.com/picocolors/-/picocolors-1.1.1.tgz", {}, "sha512-xceH2snhtb5M9liqDsmEw56le376mTZkEX/jEb/RxNFyegNul7eNslCXP9FDj/Lcu0X8KEyMceP2ntpaHrDEVA=="],

    "picomatch": ["picomatch@4.0.5", "", {}, "sha512-RvwwcruNjI1ncT5xRakeyS9Lf8lcItv34KD+aif+VH9kduAyfYBipGh12274xtenIPZ119/R9BdTBa8gAwSh0A=="],

    "postcss": ["postcss@8.5.25", "", { "dependencies": { "nanoid": "^3.3.16", "picocolors": "^1.1.1", "source-map-js": "^1.2.1" } }, "sha512-DTPx3RWSSnWyzLxQnlH0rJP+EW5ekl16ZU4/psbIhA0e53kJfdgaN5vKM+xP7yJtXVu+nfdVFmlgFDEKAe4Pyw=="],

    "proxy-from-env": ["proxy-from-env@2.1.0", "", {}, "sha512-cJ+oHTW1VAEa8cJslgmUZrc+sjRKgAKl3Zyse6+PV38hZe/V6Z14TbCuXcan9F9ghlz4QrFr2c92TNF82UkYHA=="],

    "rollup": ["rollup@4.62.3", "", { "dependencies": { "@types/estree": "1.0.9" }, "optionalDependencies": { "@rollup/rollup-android-arm-eabi": "4.62.3", "@rollup/rollup-android-arm64": "4.62.3", "@rollup/rollup-darwin-arm64": "4.62.3", "@rollup/rollup-darwin-x64": "4.62.3", "@rollup/rollup-freebsd-arm64": "4.62.3", "@rollup/rollup-freebsd-x64": "4.62.3", "@rollup/rollup-linux-arm-gnueabihf": "4.62.3", "@rollup/rollup-linux-arm-musleabihf": "4.62.3", "@rollup/rollup-linux-arm64-gnu": "4.62.3", "@rollup/rollup-linux-arm64-musl": "4.62.3", "@rollup/rollup-linux-loong64-gnu": "4.62.3", "@rollup/rollup-linux-loong64-musl": "4.62.3", "@rollup/rollup-linux-ppc64-gnu": "4.62.3", "@rollup/rollup-linux-ppc64-musl": "4.62.3", "@rollup/rollup-linux-riscv64-gnu": "4.62.3", "@rollup/rollup-linux-riscv64-musl": "4.62.3", "@rollup/rollup-linux-s390x-gnu": "4.62.3", "@rollup/rollup-linux-x64-gnu": "4.62.3", "@rollup/rollup-linux-x64-musl": "4.62.3", "@rollup/rollup-openbsd-x64": "4.62.3", "@rollup/rollup-openharmony-arm64": "4.62.3", "@rollup/rollup-win32-arm64-msvc": "4.62.3", "@rollup/rollup-win32-ia32-msvc": "4.62.3", "@rollup/rollup-win32-x64-gnu": "4.62.3", "@rollup/rollup-win32-x64-msvc": "4.62.3", "fsevents": "~2.3.2" }, "bin": { "rollup": "dist/bin/rollup" } }, "sha512-Gu0c0iH9FzgX1L1t7ByIbbS3Vmdz+6KHm/EsqmmC71gUQ82yvZRkTK6XzrFObSka91WUVdynqp6nsfilzr5k6Q=="],

    "seemly": ["seemly@0.3.9", "https://registry.npmmirror.com/seemly/-/seemly-0.3.9.tgz", {}, "sha512-bMLcaEqhIViiPbaumjLN8t1y+JpD/N8SiyYOyp0i0W6RgdyLWboIsUWAbZojF//JyerxPZR5Tgda+x3Pdne75A=="],

    "source-map-js": ["source-map-js@1.2.1", "https://registry.npmmirror.com/source-map-js/-/source-map-js-1.2.1.tgz", {}, "sha512-UXWMKhLOwVKb728IUtQPXxfYU+usdybtUrK/8uGE8CQMvrhOpwvzDBwj0QhSL7MQc7vIsISBG8VQ8+IDQxpfQA=="],

    "tinyglobby": ["tinyglobby@0.2.15", "", { "dependencies": { "fdir": "^6.5.0", "picomatch": "^4.0.3" } }, "sha512-j2Zq4NyQYG5XMST4cbs02Ak8iJUdxRM0XI5QyxXuZOzKOINmWurp3smXu3y5wDcJrptwpSjgXHzIQxR0omXljQ=="],

    "to-fast-properties": ["to-fast-properties@2.0.0", "https://registry.npmmirror.com/to-fast-properties/-/to-fast-properties-2.0.0.tgz", {}, "sha512-/OaKK0xYrs3DmxRYqL/yDc+FxFUVYhDlXMhRmv3z915w2HF1tnN1omB354j8VUGO/hbRzyD6Y3sA7v7GS/ceog=="],

    "treemate": ["treemate@0.3.11", "https://registry.npmmirror.com/treemate/-/treemate-0.3.11.tgz", {}, "sha512-M8RGFoKtZ8dF+iwJfAJTOH/SM4KluKOKRJpjCMhI8bG3qB74zrFoArKZ62ll0Fr3mqkMJiQOmWYkdYgDeITYQg=="],

    "vdirs": ["vdirs@0.1.8", "https://registry.npmmirror.com/vdirs/-/vdirs-0.1.8.tgz", { "dependencies": { "evtd": "^0.2.2" }, "peerDependencies": { "vue": "^3.0.11" } }, "sha512-H9V1zGRLQZg9b+GdMk8MXDN2Lva0zx72MPahDKc30v+DtwKjfyOSXWRIX4t2mhDubM1H09gPhWeth/BJWPHGUw=="],

    "vfonts": ["vfonts@0.0.3", "https://registry.npmmirror.com/vfonts/-/vfonts-0.0.3.tgz", {}, "sha512-nguyw8L6Un8eelg1vQ31vIU2ESxqid7EYmy8V+MDeMaHBqaRSkg3dTBToC1PR00D89UzS/SLkfYPnx0Wf23IQQ=="],

    "vite": ["vite@7.3.6", "", { "dependencies": { "esbuild": "^0.27.0 || ^0.28.0", "fdir": "^6.5.0", "picomatch": "^4.0.3", "postcss": "^8.5.6", "rollup": "^4.43.0", "tinyglobby": "^0.2.15" }, "optionalDependencies": { "fsevents": "~2.3.3" }, "peerDependencies": { "@types/node": "^20.19.0 || >=22.12.0", "jiti": ">=1.21.0", "less": "^4.0.0", "lightningcss": "^1.21.0", "sass": "^1.70.0", "sass-embedded": "^1.70.0", "stylus": ">=0.54.8", "sugarss": "^5.0.0", "terser": "^5.16.0", "tsx": "^4.8.1", "yaml": "^2.4.2" }, "optionalPeers": ["@types/node", "jiti", "less", "lightningcss", "sass", "sass-embedded", "stylus", "sugarss", "terser", "tsx", "yaml"], "bin": { "vite": "bin/vite.js" } }, "sha512-4XP60spRGjSZFf1qYH+dJIkK2znL3zQfl9KkOV9MkkRR/3Dls0dxaBsQPTloEc5BLXWPL9vsOxopxyKoMmDueg=="],

    "vooks": ["vooks@0.2.12", "https://registry.npmmirror.com/vooks/-/vooks-0.2.12.tgz", { "dependencies": { "evtd": "^0.2.2" }, "peerDependencies": { "vue": "^3.0.0" } }, "sha512-iox0I3RZzxtKlcgYaStQYKEzWWGAduMmq+jS7OrNdQo1FgGfPMubGL3uGHOU9n97NIvfFDBGnpSvkWyb/NSn/Q=="],

    "vue": ["vue@3.5.12", "https://registry.npmmirror.com/vue/-/vue-3.5.12.tgz", { "dependencies": { "@vue/compiler-dom": "3.5.12", "@vue/compiler-sfc": "3.5.12", "@vue/runtime-dom": "3.5.12", "@vue/server-renderer": "3.5.12", "@vue/shared": "3.5.12" }, "peerDependencies": { "typescript": "*" }, "optionalPeers": ["typescript"] }, "sha512-CLVZtXtn2ItBIi/zHZ0Sg1Xkb7+PU32bJJ8Bmy7ts3jxXTcbfsEfBivFYYWz1Hur+lalqGAh65Coin0r+HRUfg=="],

    "vue-demi": ["vue-demi@0.14.10", "https://registry.npmmirror.com/vue-demi/-/vue-demi-0.14.10.tgz", { "peerDependencies": { "@vue/composition-api": "^1.0.0-rc.1", "vue": "^3.0.0-0 || ^2.6.0" }, "optionalPeers": ["@vue/composition-api"], "bin": { "vue-demi-fix": "bin/vue-demi-fix.js", "vue-demi-switch": "bin/vue-demi-switch.js" } }, "sha512-nMZBOwuzabUO0nLgIcc6rycZEebF6eeUfaiQx9+WSk8e29IbLvPU9feI6tqW4kTo3hvoYAJkMh8n8D0fuISphg=="],

    "vue-request": ["vue-request@2.0.4", "https://registry.npmmirror.com/vue-request/-/vue-request-2.0.4.tgz", { "dependencies": { "vue-demi": "latest" }, "peerDependencies": { "@vue/composition-api": "^1.0.0-rc.1", "vue": "^2.0.0 || >=3.0.0" }, "optionalPeers": ["@vue/composition-api"] }, "sha512-+Tu5rDy6ItF9UdD21Mmbjiq5Pq6NZSN9juH72hNQTMn1whHh4KZPTKWVLK2YS4nzbuEnPs+82G91AA2Fgd93mg=="],

    "vue-router": ["vue-router@4.4.5", "https://registry.npmmirror.com/vue-router/-/vue-router-4.4.5.tgz", { "dependencies": { "@vue/devtools-api": "^6.6.4" }, "peerDependencies": { "vue": "^3.2.0" } }, "sha512-4fKZygS8cH1yCyuabAXGUAsyi1b2/o/OKgu/RUb+znIYOxPRxdkytJEx+0wGcpBE1pX6vUgh5jwWOKRGvuA/7Q=="],

    "vueuc": ["vueuc@0.4.64", "https://registry.npmmirror.com/vueuc/-/vueuc-0.4.64.tgz", { "dependencies": { "@css-render/vue3-ssr": "^0.15.10", "@juggle/resize-observer": "^3.3.1", "css-render": "^0.15.10", "evtd": "^0.2.4", "seemly": "^0.3.6", "vdirs": "^0.1.4", "vooks": "^0.2.4" }, "peerDependencies": { "vue": "^3.0.11" } }, "sha512-wlJQj7fIwKK2pOEoOq4Aro8JdPOGpX8aWQhV8YkTW9OgWD2uj2O8ANzvSsIGjx7LTOc7QbS7sXdxHi6XvRnHPA=="],

    "css-render/csstype": ["csstype@3.0.11", "https://registry.npmmirror.com/csstype/-/csstype-3.0.11.tgz", {}, "sha512-sa6P2wJ+CAbgyy4KFssIb/JNMLxFvKF1pCYCSXS8ZMuqZnMsrxqI2E5sPyoTpxoPU/gVZMzr2zjOfg8GIZOMsw=="],

    "es-set-tostringtag/hasown": ["hasown@2.0.2", "", { "dependencies": { "function-bind": "^1.1.2" } }, "sha512-0hJU9SCPvmMzIBdZFqNPXWa6dqh7WdH0cII9y+CyS8rG3nL48Bclra9HmKhVVUHyPWNH5Y7xDwAB7bfgSjkUMQ=="],

    "get-intrinsic/hasown": ["hasown@2.0.2", "", { "dependencies": { "function-bind": "^1.1.2" } }, "sha512-0hJU9SCPvmMzIBdZFqNPXWa6dqh7WdH0cII9y+CyS8rG3nL48Bclra9HmKhVVUHyPWNH5Y7xDwAB7bfgSjkUMQ=="],
  }
}
